
Microsoft Visual Studio Solution File, Format Version 12.00
# Visual Studio Version 17
VisualStudioVersion = 17.14.36109.1
MinimumVisualStudioVersion = 10.0.40219.1
Project("{FAE04EC0-301F-11D3-BF4B-00C04F79EFBC}") = "Practice", "Practice.csproj", "{4BBC3830-4F39-42AB-9CD6-8B2B75200F37}"
EndProject
Project("{FAE04EC0-301F-11D3-BF4B-00C04F79EFBC}") = "002_EncryptDecypt", "..\002_EncryptDecrypt\002_EncryptDecrypt.csproj", "{F467B819-7732-4B22-8F68-CCE13242FEFC}"
EndProject
Project("{FAE04EC0-301F-11D3-BF4B-00C04F79EFBC}") = "001_RemoveStars", "..\001_RemoveStars\001_RemoveStars.csproj", "{DDE0A4AD-F8E1-4DB2-8145-3D5F1FB018AF}"
EndProject
Project("{FAE04EC0-301F-11D3-BF4B-00C04F79EFBC}") = "003_CompressDecompress", "..\003_CompressDecompress\003_CompressDecompress.csproj", "{19C810D4-17D2-4357-8B43-B2876C7EB581}"
EndProject
Project("{FAE04EC0-301F-11D3-BF4B-00C04F79EFBC}") = "004_SmartEditor", "..\004_SmartEditor\004_SmartEditor.csproj", "{2F24C21A-84C5-4020-A127-8A6295DD3C90}"
EndProject
Global
	GlobalSection(SolutionConfigurationPlatforms) = preSolution
		Debug|Any CPU = Debug|Any CPU
		Release|Any CPU = Release|Any CPU
	EndGlobalSection
	GlobalSection(ProjectConfigurationPlatforms) = postSolution
		{4BBC3830-4F39-42AB-9CD6-8B2B75200F37}.Debug|Any CPU.ActiveCfg = Debug|Any CPU
		{4BBC3830-4F39-42AB-9CD6-8B2B75200F37}.Debug|Any CPU.Build.0 = Debug|Any CPU
		{4BBC3830-4F39-42AB-9CD6-8B2B75200F37}.Release|Any CPU.ActiveCfg = Release|Any CPU
		{4BBC3830-4F39-42AB-9CD6-8B2B75200F37}.Release|Any CPU.Build.0 = Release|Any CPU
		{F467B819-7732-4B22-8F68-CCE13242FEFC}.Debug|Any CPU.ActiveCfg = Debug|Any CPU
		{F467B819-7732-4B22-8F68-CCE13242FEFC}.Debug|Any CPU.Build.0 = Debug|Any CPU
		{F467B819-7732-4B22-8F68-CCE13242FEFC}.Release|Any CPU.ActiveCfg = Release|Any CPU
		{F467B819-7732-4B22-8F68-CCE13242FEFC}.Release|Any CPU.Build.0 = Release|Any CPU
		{DDE0A4AD-F8E1-4DB2-8145-3D5F1FB018AF}.Debug|Any CPU.ActiveCfg = Debug|Any CPU
		{DDE0A4AD-F8E1-4DB2-8145-3D5F1FB018AF}.Debug|Any CPU.Build.0 = Debug|Any CPU
		{DDE0A4AD-F8E1-4DB2-8145-3D5F1FB018AF}.Release|Any CPU.ActiveCfg = Release|Any CPU
		{DDE0A4AD-F8E1-4DB2-8145-3D5F1FB018AF}.Release|Any CPU.Build.0 = Release|Any CPU
		{19C810D4-17D2-4357-8B43-B2876C7EB581}.Debug|Any CPU.ActiveCfg = Debug|Any CPU
		{19C810D4-17D2-4357-8B43-B2876C7EB581}.Debug|Any CPU.Build.0 = Debug|Any CPU
		{19C810D4-17D2-4357-8B43-B2876C7EB581}.Release|Any CPU.ActiveCfg = Release|Any CPU
		{19C810D4-17D2-4357-8B43-B2876C7EB581}.Release|Any CPU.Build.0 = Release|Any CPU
		{2F24C21A-84C5-4020-A127-8A6295DD3C90}.Debug|Any CPU.ActiveCfg = Debug|Any CPU
		{2F24C21A-84C5-4020-A127-8A6295DD3C90}.Debug|Any CPU.Build.0 = Debug|Any CPU
		{2F24C21A-84C5-4020-A127-8A6295DD3C90}.Release|Any CPU.ActiveCfg = Release|Any CPU
		{2F24C21A-84C5-4020-A127-8A6295DD3C90}.Release|Any CPU.Build.0 = Release|Any CPU
	EndGlobalSection
	GlobalSection(SolutionProperties) = preSolution
		HideSolutionNode = FALSE
	EndGlobalSection
	GlobalSection(ExtensibilityGlobals) = postSolution
		SolutionGuid = {919C8E75-D2E2-48E4-BD8E-5E4E159BD8DB}
	EndGlobalSection
EndGlobal
