
Microsoft Visual Studio Solution File, Format Version 12.00
# Visual Studio Version 17
VisualStudioVersion = 17.14.36109.1 d17.14
MinimumVisualStudioVersion = 10.0.40219.1
Project("{FAE04EC0-301F-11D3-BF4B-00C04F79EFBC}") = "Practice", "Practice.csproj", "{4BBC3830-4F39-42AB-9CD6-8B2B75200F37}"
EndProject
Global
	GlobalSection(SolutionConfigurationPlatforms) = preSolution
		Debug|Any CPU = Debug|Any CPU
		Release|Any CPU = Release|Any CPU
	EndGlobalSection
	GlobalSection(ProjectConfigurationPlatforms) = postSolution
		{4BBC3830-4F39-42AB-9CD6-8B2B75200F37}.Debug|Any CPU.ActiveCfg = Debug|Any CPU
		{4BBC3830-4F39-42AB-9CD6-8B2B75200F37}.Debug|Any CPU.Build.0 = Debug|Any CPU
		{4BBC3830-4F39-42AB-9CD6-8B2B75200F37}.Release|Any CPU.ActiveCfg = Release|Any CPU
		{4BBC3830-4F39-42AB-9CD6-8B2B75200F37}.Release|Any CPU.Build.0 = Release|Any CPU
	EndGlobalSection
	GlobalSection(SolutionProperties) = preSolution
		HideSolutionNode = FALSE
	EndGlobalSection
	GlobalSection(ExtensibilityGlobals) = postSolution
		SolutionGuid = {919C8E75-D2E2-48E4-BD8E-5E4E159BD8DB}
	EndGlobalSection
EndGlobal
