
Microsoft Visual Studio Solution File, Format Version 12.00
# Visual Studio Version 17
VisualStudioVersion = 17.14.36623.8
MinimumVisualStudioVersion = 10.0.40219.1
Project("{FAE04EC0-301F-11D3-BF4B-00C04F79EFBC}") = "fsmentorsAssignments", "fsmentorsAssignments.csproj", "{4360EE87-41E2-4FC1-932D-C1B6B939E76A}"
EndProject
Project("{FAE04EC0-301F-11D3-BF4B-00C04F79EFBC}") = "BankingApp", "BankingApp\BankingApp.csproj", "{B063CBE0-2B6A-43D7-80A5-94DD43B2AC2E}"
EndProject
Global
	GlobalSection(SolutionConfigurationPlatforms) = preSolution
		Debug|Any CPU = Debug|Any CPU
		Release|Any CPU = Release|Any CPU
	EndGlobalSection
	GlobalSection(ProjectConfigurationPlatforms) = postSolution
		{4360EE87-41E2-4FC1-932D-C1B6B939E76A}.Debug|Any CPU.ActiveCfg = Debug|Any CPU
		{4360EE87-41E2-4FC1-932D-C1B6B939E76A}.Debug|Any CPU.Build.0 = Debug|Any CPU
		{4360EE87-41E2-4FC1-932D-C1B6B939E76A}.Release|Any CPU.ActiveCfg = Release|Any CPU
		{4360EE87-41E2-4FC1-932D-C1B6B939E76A}.Release|Any CPU.Build.0 = Release|Any CPU
		{B063CBE0-2B6A-43D7-80A5-94DD43B2AC2E}.Debug|Any CPU.ActiveCfg = Debug|Any CPU
		{B063CBE0-2B6A-43D7-80A5-94DD43B2AC2E}.Debug|Any CPU.Build.0 = Debug|Any CPU
		{B063CBE0-2B6A-43D7-80A5-94DD43B2AC2E}.Release|Any CPU.ActiveCfg = Release|Any CPU
		{B063CBE0-2B6A-43D7-80A5-94DD43B2AC2E}.Release|Any CPU.Build.0 = Release|Any CPU
	EndGlobalSection
	GlobalSection(SolutionProperties) = preSolution
		HideSolutionNode = FALSE
	EndGlobalSection
	GlobalSection(ExtensibilityGlobals) = postSolution
		SolutionGuid = {BA84F239-AD76-4FCA-B569-501DBE8870F0}
	EndGlobalSection
EndGlobal
