
Microsoft Visual Studio Solution File, Format Version 12.00
# Visual Studio Version 17
VisualStudioVersion = 17.0.31903.59
MinimumVisualStudioVersion = 10.0.40219.1
Project("{FAE04EC0-301F-11D3-BF4B-00C04F79EFBC}") = "ProductCatalog.Api", "ProductCatalog.Api\ProductCatalog.Api.csproj", "{6520F464-98DE-432D-962A-E1208AF020D0}"
EndProject
Project("{FAE04EC0-301F-11D3-BF4B-00C04F79EFBC}") = "ProductCatalog.BLL", "ProductCatalog.BLL\ProductCatalog.BLL.csproj", "{6B624E06-DEF4-4D44-A9D7-0274C6AABEEA}"
EndProject
Project("{FAE04EC0-301F-11D3-BF4B-00C04F79EFBC}") = "ProductCatalog.DAL", "ProductCatalog.DAL\ProductCatalog.DAL.csproj", "{FE4E0BD1-983B-4B64-8AA3-6BFD6A96407D}"
EndProject
Project("{FAE04EC0-301F-11D3-BF4B-00C04F79EFBC}") = "ProductCatalog.Core", "ProductCatalog.Core\ProductCatalog.Core.csproj", "{9997943D-88D2-47EA-8002-528C879C524F}"
EndProject
Global
	GlobalSection(SolutionConfigurationPlatforms) = preSolution
		Debug|Any CPU = Debug|Any CPU
		Debug|x64 = Debug|x64
		Debug|x86 = Debug|x86
		Release|Any CPU = Release|Any CPU
		Release|x64 = Release|x64
		Release|x86 = Release|x86
	EndGlobalSection
	GlobalSection(ProjectConfigurationPlatforms) = postSolution
		{6520F464-98DE-432D-962A-E1208AF020D0}.Debug|Any CPU.ActiveCfg = Debug|Any CPU
		{6520F464-98DE-432D-962A-E1208AF020D0}.Debug|Any CPU.Build.0 = Debug|Any CPU
		{6520F464-98DE-432D-962A-E1208AF020D0}.Debug|x64.ActiveCfg = Debug|Any CPU
		{6520F464-98DE-432D-962A-E1208AF020D0}.Debug|x64.Build.0 = Debug|Any CPU
		{6520F464-98DE-432D-962A-E1208AF020D0}.Debug|x86.ActiveCfg = Debug|Any CPU
		{6520F464-98DE-432D-962A-E1208AF020D0}.Debug|x86.Build.0 = Debug|Any CPU
		{6520F464-98DE-432D-962A-E1208AF020D0}.Release|Any CPU.ActiveCfg = Release|Any CPU
		{6520F464-98DE-432D-962A-E1208AF020D0}.Release|Any CPU.Build.0 = Release|Any CPU
		{6520F464-98DE-432D-962A-E1208AF020D0}.Release|x64.ActiveCfg = Release|Any CPU
		{6520F464-98DE-432D-962A-E1208AF020D0}.Release|x64.Build.0 = Release|Any CPU
		{6520F464-98DE-432D-962A-E1208AF020D0}.Release|x86.ActiveCfg = Release|Any CPU
		{6520F464-98DE-432D-962A-E1208AF020D0}.Release|x86.Build.0 = Release|Any CPU
		{6B624E06-DEF4-4D44-A9D7-0274C6AABEEA}.Debug|Any CPU.ActiveCfg = Debug|Any CPU
		{6B624E06-DEF4-4D44-A9D7-0274C6AABEEA}.Debug|Any CPU.Build.0 = Debug|Any CPU
		{6B624E06-DEF4-4D44-A9D7-0274C6AABEEA}.Debug|x64.ActiveCfg = Debug|Any CPU
		{6B624E06-DEF4-4D44-A9D7-0274C6AABEEA}.Debug|x64.Build.0 = Debug|Any CPU
		{6B624E06-DEF4-4D44-A9D7-0274C6AABEEA}.Debug|x86.ActiveCfg = Debug|Any CPU
		{6B624E06-DEF4-4D44-A9D7-0274C6AABEEA}.Debug|x86.Build.0 = Debug|Any CPU
		{6B624E06-DEF4-4D44-A9D7-0274C6AABEEA}.Release|Any CPU.ActiveCfg = Release|Any CPU
		{6B624E06-DEF4-4D44-A9D7-0274C6AABEEA}.Release|Any CPU.Build.0 = Release|Any CPU
		{6B624E06-DEF4-4D44-A9D7-0274C6AABEEA}.Release|x64.ActiveCfg = Release|Any CPU
		{6B624E06-DEF4-4D44-A9D7-0274C6AABEEA}.Release|x64.Build.0 = Release|Any CPU
		{6B624E06-DEF4-4D44-A9D7-0274C6AABEEA}.Release|x86.ActiveCfg = Release|Any CPU
		{6B624E06-DEF4-4D44-A9D7-0274C6AABEEA}.Release|x86.Build.0 = Release|Any CPU
		{FE4E0BD1-983B-4B64-8AA3-6BFD6A96407D}.Debug|Any CPU.ActiveCfg = Debug|Any CPU
		{FE4E0BD1-983B-4B64-8AA3-6BFD6A96407D}.Debug|Any CPU.Build.0 = Debug|Any CPU
		{FE4E0BD1-983B-4B64-8AA3-6BFD6A96407D}.Debug|x64.ActiveCfg = Debug|Any CPU
		{FE4E0BD1-983B-4B64-8AA3-6BFD6A96407D}.Debug|x64.Build.0 = Debug|Any CPU
		{FE4E0BD1-983B-4B64-8AA3-6BFD6A96407D}.Debug|x86.ActiveCfg = Debug|Any CPU
		{FE4E0BD1-983B-4B64-8AA3-6BFD6A96407D}.Debug|x86.Build.0 = Debug|Any CPU
		{FE4E0BD1-983B-4B64-8AA3-6BFD6A96407D}.Release|Any CPU.ActiveCfg = Release|Any CPU
		{FE4E0BD1-983B-4B64-8AA3-6BFD6A96407D}.Release|Any CPU.Build.0 = Release|Any CPU
		{FE4E0BD1-983B-4B64-8AA3-6BFD6A96407D}.Release|x64.ActiveCfg = Release|Any CPU
		{FE4E0BD1-983B-4B64-8AA3-6BFD6A96407D}.Release|x64.Build.0 = Release|Any CPU
		{FE4E0BD1-983B-4B64-8AA3-6BFD6A96407D}.Release|x86.ActiveCfg = Release|Any CPU
		{FE4E0BD1-983B-4B64-8AA3-6BFD6A96407D}.Release|x86.Build.0 = Release|Any CPU
		{9997943D-88D2-47EA-8002-528C879C524F}.Debug|Any CPU.ActiveCfg = Debug|Any CPU
		{9997943D-88D2-47EA-8002-528C879C524F}.Debug|Any CPU.Build.0 = Debug|Any CPU
		{9997943D-88D2-47EA-8002-528C879C524F}.Debug|x64.ActiveCfg = Debug|Any CPU
		{9997943D-88D2-47EA-8002-528C879C524F}.Debug|x64.Build.0 = Debug|Any CPU
		{9997943D-88D2-47EA-8002-528C879C524F}.Debug|x86.ActiveCfg = Debug|Any CPU
		{9997943D-88D2-47EA-8002-528C879C524F}.Debug|x86.Build.0 = Debug|Any CPU
		{9997943D-88D2-47EA-8002-528C879C524F}.Release|Any CPU.ActiveCfg = Release|Any CPU
		{9997943D-88D2-47EA-8002-528C879C524F}.Release|Any CPU.Build.0 = Release|Any CPU
		{9997943D-88D2-47EA-8002-528C879C524F}.Release|x64.ActiveCfg = Release|Any CPU
		{9997943D-88D2-47EA-8002-528C879C524F}.Release|x64.Build.0 = Release|Any CPU
		{9997943D-88D2-47EA-8002-528C879C524F}.Release|x86.ActiveCfg = Release|Any CPU
		{9997943D-88D2-47EA-8002-528C879C524F}.Release|x86.Build.0 = Release|Any CPU
	EndGlobalSection
	GlobalSection(SolutionProperties) = preSolution
		HideSolutionNode = FALSE
	EndGlobalSection
EndGlobal
